
Microsoft Visual Studio Solution File, Format Version 12.00
# Visual Studio 15
VisualStudioVersion = 15.0.26730.15
MinimumVisualStudioVersion = 10.0.40219.1
Project("{D954291E-2A0B-460D-934E-DC6B0785DB48}") = "Prueba1", "Prueba1\Prueba1\Prueba1.shproj", "{EAE15452-7570-4A77-B1AA-4F726530E7E8}"
EndProject
Project("{FAE04EC0-301F-11D3-BF4B-00C04F79EFBC}") = "Prueba1.Android", "Prueba1\Prueba1.Android\Prueba1.Android.csproj", "{FC3185A7-B83C-4CCF-97B7-E442E76C218E}"
EndProject
Project("{FAE04EC0-301F-11D3-BF4B-00C04F79EFBC}") = "Prueba1.iOS", "Prueba1\Prueba1.iOS\Prueba1.iOS.csproj", "{F7064EDC-FA25-4BE8-B998-76E51D357D78}"
EndProject
Project("{FAE04EC0-301F-11D3-BF4B-00C04F79EFBC}") = "Prueba1.UWP", "Prueba1\Prueba1.UWP\Prueba1.UWP.csproj", "{46127F76-A43A-433E-8F94-EB1B883C64CB}"
EndProject
Global
	GlobalSection(SharedMSBuildProjectFiles) = preSolution
		Prueba1\Prueba1\Prueba1.projitems*{46127f76-a43a-433e-8f94-eb1b883c64cb}*SharedItemsImports = 4
		Prueba1\Prueba1\Prueba1.projitems*{eae15452-7570-4a77-b1aa-4f726530e7e8}*SharedItemsImports = 13
		Prueba1\Prueba1\Prueba1.projitems*{f7064edc-fa25-4be8-b998-76e51d357d78}*SharedItemsImports = 4
		Prueba1\Prueba1\Prueba1.projitems*{fc3185a7-b83c-4ccf-97b7-e442e76c218e}*SharedItemsImports = 4
	EndGlobalSection
	GlobalSection(SolutionConfigurationPlatforms) = preSolution
		Ad-Hoc|Any CPU = Ad-Hoc|Any CPU
		Ad-Hoc|ARM = Ad-Hoc|ARM
		Ad-Hoc|iPhone = Ad-Hoc|iPhone
		Ad-Hoc|iPhoneSimulator = Ad-Hoc|iPhoneSimulator
		Ad-Hoc|x64 = Ad-Hoc|x64
		Ad-Hoc|x86 = Ad-Hoc|x86
		AppStore|Any CPU = AppStore|Any CPU
		AppStore|ARM = AppStore|ARM
		AppStore|iPhone = AppStore|iPhone
		AppStore|iPhoneSimulator = AppStore|iPhoneSimulator
		AppStore|x64 = AppStore|x64
		AppStore|x86 = AppStore|x86
		Debug|Any CPU = Debug|Any CPU
		Debug|ARM = Debug|ARM
		Debug|iPhone = Debug|iPhone
		Debug|iPhoneSimulator = Debug|iPhoneSimulator
		Debug|x64 = Debug|x64
		Debug|x86 = Debug|x86
		Release|Any CPU = Release|Any CPU
		Release|ARM = Release|ARM
		Release|iPhone = Release|iPhone
		Release|iPhoneSimulator = Release|iPhoneSimulator
		Release|x64 = Release|x64
		Release|x86 = Release|x86
	EndGlobalSection
	GlobalSection(ProjectConfigurationPlatforms) = postSolution
		{FC3185A7-B83C-4CCF-97B7-E442E76C218E}.Ad-Hoc|Any CPU.ActiveCfg = Release|Any CPU
		{FC3185A7-B83C-4CCF-97B7-E442E76C218E}.Ad-Hoc|Any CPU.Build.0 = Release|Any CPU
		{FC3185A7-B83C-4CCF-97B7-E442E76C218E}.Ad-Hoc|Any CPU.Deploy.0 = Release|Any CPU
		{FC3185A7-B83C-4CCF-97B7-E442E76C218E}.Ad-Hoc|ARM.ActiveCfg = Release|Any CPU
		{FC3185A7-B83C-4CCF-97B7-E442E76C218E}.Ad-Hoc|ARM.Build.0 = Release|Any CPU
		{FC3185A7-B83C-4CCF-97B7-E442E76C218E}.Ad-Hoc|ARM.Deploy.0 = Release|Any CPU
		{FC3185A7-B83C-4CCF-97B7-E442E76C218E}.Ad-Hoc|iPhone.ActiveCfg = Release|Any CPU
		{FC3185A7-B83C-4CCF-97B7-E442E76C218E}.Ad-Hoc|iPhone.Build.0 = Release|Any CPU
		{FC3185A7-B83C-4CCF-97B7-E442E76C218E}.Ad-Hoc|iPhone.Deploy.0 = Release|Any CPU
		{FC3185A7-B83C-4CCF-97B7-E442E76C218E}.Ad-Hoc|iPhoneSimulator.ActiveCfg = Release|Any CPU
		{FC3185A7-B83C-4CCF-97B7-E442E76C218E}.Ad-Hoc|iPhoneSimulator.Build.0 = Release|Any CPU
		{FC3185A7-B83C-4CCF-97B7-E442E76C218E}.Ad-Hoc|iPhoneSimulator.Deploy.0 = Release|Any CPU
		{FC3185A7-B83C-4CCF-97B7-E442E76C218E}.Ad-Hoc|x64.ActiveCfg = Release|Any CPU
		{FC3185A7-B83C-4CCF-97B7-E442E76C218E}.Ad-Hoc|x64.Build.0 = Release|Any CPU
		{FC3185A7-B83C-4CCF-97B7-E442E76C218E}.Ad-Hoc|x64.Deploy.0 = Release|Any CPU
		{FC3185A7-B83C-4CCF-97B7-E442E76C218E}.Ad-Hoc|x86.ActiveCfg = Release|Any CPU
		{FC3185A7-B83C-4CCF-97B7-E442E76C218E}.Ad-Hoc|x86.Build.0 = Release|Any CPU
		{FC3185A7-B83C-4CCF-97B7-E442E76C218E}.Ad-Hoc|x86.Deploy.0 = Release|Any CPU
		{FC3185A7-B83C-4CCF-97B7-E442E76C218E}.AppStore|Any CPU.ActiveCfg = Release|Any CPU
		{FC3185A7-B83C-4CCF-97B7-E442E76C218E}.AppStore|Any CPU.Build.0 = Release|Any CPU
		{FC3185A7-B83C-4CCF-97B7-E442E76C218E}.AppStore|Any CPU.Deploy.0 = Release|Any CPU
		{FC3185A7-B83C-4CCF-97B7-E442E76C218E}.AppStore|ARM.ActiveCfg = Release|Any CPU
		{FC3185A7-B83C-4CCF-97B7-E442E76C218E}.AppStore|ARM.Build.0 = Release|Any CPU
		{FC3185A7-B83C-4CCF-97B7-E442E76C218E}.AppStore|ARM.Deploy.0 = Release|Any CPU
		{FC3185A7-B83C-4CCF-97B7-E442E76C218E}.AppStore|iPhone.ActiveCfg = Release|Any CPU
		{FC3185A7-B83C-4CCF-97B7-E442E76C218E}.AppStore|iPhone.Build.0 = Release|Any CPU
		{FC3185A7-B83C-4CCF-97B7-E442E76C218E}.AppStore|iPhone.Deploy.0 = Release|Any CPU
		{FC3185A7-B83C-4CCF-97B7-E442E76C218E}.AppStore|iPhoneSimulator.ActiveCfg = Release|Any CPU
		{FC3185A7-B83C-4CCF-97B7-E442E76C218E}.AppStore|iPhoneSimulator.Build.0 = Release|Any CPU
		{FC3185A7-B83C-4CCF-97B7-E442E76C218E}.AppStore|iPhoneSimulator.Deploy.0 = Release|Any CPU
		{FC3185A7-B83C-4CCF-97B7-E442E76C218E}.AppStore|x64.ActiveCfg = Release|Any CPU
		{FC3185A7-B83C-4CCF-97B7-E442E76C218E}.AppStore|x64.Build.0 = Release|Any CPU
		{FC3185A7-B83C-4CCF-97B7-E442E76C218E}.AppStore|x64.Deploy.0 = Release|Any CPU
		{FC3185A7-B83C-4CCF-97B7-E442E76C218E}.AppStore|x86.ActiveCfg = Release|Any CPU
		{FC3185A7-B83C-4CCF-97B7-E442E76C218E}.AppStore|x86.Build.0 = Release|Any CPU
		{FC3185A7-B83C-4CCF-97B7-E442E76C218E}.AppStore|x86.Deploy.0 = Release|Any CPU
		{FC3185A7-B83C-4CCF-97B7-E442E76C218E}.Debug|Any CPU.ActiveCfg = Debug|Any CPU
		{FC3185A7-B83C-4CCF-97B7-E442E76C218E}.Debug|Any CPU.Build.0 = Debug|Any CPU
		{FC3185A7-B83C-4CCF-97B7-E442E76C218E}.Debug|Any CPU.Deploy.0 = Debug|Any CPU
		{FC3185A7-B83C-4CCF-97B7-E442E76C218E}.Debug|ARM.ActiveCfg = Debug|Any CPU
		{FC3185A7-B83C-4CCF-97B7-E442E76C218E}.Debug|ARM.Build.0 = Debug|Any CPU
		{FC3185A7-B83C-4CCF-97B7-E442E76C218E}.Debug|ARM.Deploy.0 = Debug|Any CPU
		{FC3185A7-B83C-4CCF-97B7-E442E76C218E}.Debug|iPhone.ActiveCfg = Debug|Any CPU
		{FC3185A7-B83C-4CCF-97B7-E442E76C218E}.Debug|iPhone.Build.0 = Debug|Any CPU
		{FC3185A7-B83C-4CCF-97B7-E442E76C218E}.Debug|iPhone.Deploy.0 = Debug|Any CPU
		{FC3185A7-B83C-4CCF-97B7-E442E76C218E}.Debug|iPhoneSimulator.ActiveCfg = Debug|Any CPU
		{FC3185A7-B83C-4CCF-97B7-E442E76C218E}.Debug|iPhoneSimulator.Build.0 = Debug|Any CPU
		{FC3185A7-B83C-4CCF-97B7-E442E76C218E}.Debug|iPhoneSimulator.Deploy.0 = Debug|Any CPU
		{FC3185A7-B83C-4CCF-97B7-E442E76C218E}.Debug|x64.ActiveCfg = Debug|Any CPU
		{FC3185A7-B83C-4CCF-97B7-E442E76C218E}.Debug|x64.Build.0 = Debug|Any CPU
		{FC3185A7-B83C-4CCF-97B7-E442E76C218E}.Debug|x64.Deploy.0 = Debug|Any CPU
		{FC3185A7-B83C-4CCF-97B7-E442E76C218E}.Debug|x86.ActiveCfg = Debug|Any CPU
		{FC3185A7-B83C-4CCF-97B7-E442E76C218E}.Debug|x86.Build.0 = Debug|Any CPU
		{FC3185A7-B83C-4CCF-97B7-E442E76C218E}.Debug|x86.Deploy.0 = Debug|Any CPU
		{FC3185A7-B83C-4CCF-97B7-E442E76C218E}.Release|Any CPU.ActiveCfg = Release|Any CPU
		{FC3185A7-B83C-4CCF-97B7-E442E76C218E}.Release|Any CPU.Build.0 = Release|Any CPU
		{FC3185A7-B83C-4CCF-97B7-E442E76C218E}.Release|Any CPU.Deploy.0 = Release|Any CPU
		{FC3185A7-B83C-4CCF-97B7-E442E76C218E}.Release|ARM.ActiveCfg = Release|Any CPU
		{FC3185A7-B83C-4CCF-97B7-E442E76C218E}.Release|ARM.Build.0 = Release|Any CPU
		{FC3185A7-B83C-4CCF-97B7-E442E76C218E}.Release|ARM.Deploy.0 = Release|Any CPU
		{FC3185A7-B83C-4CCF-97B7-E442E76C218E}.Release|iPhone.ActiveCfg = Release|Any CPU
		{FC3185A7-B83C-4CCF-97B7-E442E76C218E}.Release|iPhone.Build.0 = Release|Any CPU
		{FC3185A7-B83C-4CCF-97B7-E442E76C218E}.Release|iPhone.Deploy.0 = Release|Any CPU
		{FC3185A7-B83C-4CCF-97B7-E442E76C218E}.Release|iPhoneSimulator.ActiveCfg = Release|Any CPU
		{FC3185A7-B83C-4CCF-97B7-E442E76C218E}.Release|iPhoneSimulator.Build.0 = Release|Any CPU
		{FC3185A7-B83C-4CCF-97B7-E442E76C218E}.Release|iPhoneSimulator.Deploy.0 = Release|Any CPU
		{FC3185A7-B83C-4CCF-97B7-E442E76C218E}.Release|x64.ActiveCfg = Release|Any CPU
		{FC3185A7-B83C-4CCF-97B7-E442E76C218E}.Release|x64.Build.0 = Release|Any CPU
		{FC3185A7-B83C-4CCF-97B7-E442E76C218E}.Release|x64.Deploy.0 = Release|Any CPU
		{FC3185A7-B83C-4CCF-97B7-E442E76C218E}.Release|x86.ActiveCfg = Release|Any CPU
		{FC3185A7-B83C-4CCF-97B7-E442E76C218E}.Release|x86.Build.0 = Release|Any CPU
		{FC3185A7-B83C-4CCF-97B7-E442E76C218E}.Release|x86.Deploy.0 = Release|Any CPU
		{F7064EDC-FA25-4BE8-B998-76E51D357D78}.Ad-Hoc|Any CPU.ActiveCfg = Ad-Hoc|iPhone
		{F7064EDC-FA25-4BE8-B998-76E51D357D78}.Ad-Hoc|ARM.ActiveCfg = Ad-Hoc|iPhone
		{F7064EDC-FA25-4BE8-B998-76E51D357D78}.Ad-Hoc|iPhone.ActiveCfg = Ad-Hoc|iPhone
		{F7064EDC-FA25-4BE8-B998-76E51D357D78}.Ad-Hoc|iPhone.Build.0 = Ad-Hoc|iPhone
		{F7064EDC-FA25-4BE8-B998-76E51D357D78}.Ad-Hoc|iPhoneSimulator.ActiveCfg = Ad-Hoc|iPhoneSimulator
		{F7064EDC-FA25-4BE8-B998-76E51D357D78}.Ad-Hoc|iPhoneSimulator.Build.0 = Ad-Hoc|iPhoneSimulator
		{F7064EDC-FA25-4BE8-B998-76E51D357D78}.Ad-Hoc|x64.ActiveCfg = Ad-Hoc|iPhone
		{F7064EDC-FA25-4BE8-B998-76E51D357D78}.Ad-Hoc|x86.ActiveCfg = Ad-Hoc|iPhone
		{F7064EDC-FA25-4BE8-B998-76E51D357D78}.AppStore|Any CPU.ActiveCfg = AppStore|iPhone
		{F7064EDC-FA25-4BE8-B998-76E51D357D78}.AppStore|ARM.ActiveCfg = AppStore|iPhone
		{F7064EDC-FA25-4BE8-B998-76E51D357D78}.AppStore|iPhone.ActiveCfg = AppStore|iPhone
		{F7064EDC-FA25-4BE8-B998-76E51D357D78}.AppStore|iPhone.Build.0 = AppStore|iPhone
		{F7064EDC-FA25-4BE8-B998-76E51D357D78}.AppStore|iPhoneSimulator.ActiveCfg = AppStore|iPhoneSimulator
		{F7064EDC-FA25-4BE8-B998-76E51D357D78}.AppStore|iPhoneSimulator.Build.0 = AppStore|iPhoneSimulator
		{F7064EDC-FA25-4BE8-B998-76E51D357D78}.AppStore|x64.ActiveCfg = AppStore|iPhone
		{F7064EDC-FA25-4BE8-B998-76E51D357D78}.AppStore|x86.ActiveCfg = AppStore|iPhone
		{F7064EDC-FA25-4BE8-B998-76E51D357D78}.Debug|Any CPU.ActiveCfg = Debug|iPhone
		{F7064EDC-FA25-4BE8-B998-76E51D357D78}.Debug|ARM.ActiveCfg = Debug|iPhone
		{F7064EDC-FA25-4BE8-B998-76E51D357D78}.Debug|iPhone.ActiveCfg = Debug|iPhone
		{F7064EDC-FA25-4BE8-B998-76E51D357D78}.Debug|iPhone.Build.0 = Debug|iPhone
		{F7064EDC-FA25-4BE8-B998-76E51D357D78}.Debug|iPhoneSimulator.ActiveCfg = Debug|iPhoneSimulator
		{F7064EDC-FA25-4BE8-B998-76E51D357D78}.Debug|iPhoneSimulator.Build.0 = Debug|iPhoneSimulator
		{F7064EDC-FA25-4BE8-B998-76E51D357D78}.Debug|x64.ActiveCfg = Debug|iPhone
		{F7064EDC-FA25-4BE8-B998-76E51D357D78}.Debug|x86.ActiveCfg = Debug|iPhone
		{F7064EDC-FA25-4BE8-B998-76E51D357D78}.Release|Any CPU.ActiveCfg = Release|iPhone
		{F7064EDC-FA25-4BE8-B998-76E51D357D78}.Release|ARM.ActiveCfg = Release|iPhone
		{F7064EDC-FA25-4BE8-B998-76E51D357D78}.Release|iPhone.ActiveCfg = Release|iPhone
		{F7064EDC-FA25-4BE8-B998-76E51D357D78}.Release|iPhone.Build.0 = Release|iPhone
		{F7064EDC-FA25-4BE8-B998-76E51D357D78}.Release|iPhoneSimulator.ActiveCfg = Release|iPhoneSimulator
		{F7064EDC-FA25-4BE8-B998-76E51D357D78}.Release|iPhoneSimulator.Build.0 = Release|iPhoneSimulator
		{F7064EDC-FA25-4BE8-B998-76E51D357D78}.Release|x64.ActiveCfg = Release|iPhone
		{F7064EDC-FA25-4BE8-B998-76E51D357D78}.Release|x86.ActiveCfg = Release|iPhone
		{46127F76-A43A-433E-8F94-EB1B883C64CB}.Ad-Hoc|Any CPU.ActiveCfg = Release|x86
		{46127F76-A43A-433E-8F94-EB1B883C64CB}.Ad-Hoc|Any CPU.Build.0 = Release|x86
		{46127F76-A43A-433E-8F94-EB1B883C64CB}.Ad-Hoc|Any CPU.Deploy.0 = Release|x86
		{46127F76-A43A-433E-8F94-EB1B883C64CB}.Ad-Hoc|ARM.ActiveCfg = Release|ARM
		{46127F76-A43A-433E-8F94-EB1B883C64CB}.Ad-Hoc|ARM.Build.0 = Release|ARM
		{46127F76-A43A-433E-8F94-EB1B883C64CB}.Ad-Hoc|ARM.Deploy.0 = Release|ARM
		{46127F76-A43A-433E-8F94-EB1B883C64CB}.Ad-Hoc|iPhone.ActiveCfg = Release|x86
		{46127F76-A43A-433E-8F94-EB1B883C64CB}.Ad-Hoc|iPhone.Build.0 = Release|x86
		{46127F76-A43A-433E-8F94-EB1B883C64CB}.Ad-Hoc|iPhone.Deploy.0 = Release|x86
		{46127F76-A43A-433E-8F94-EB1B883C64CB}.Ad-Hoc|iPhoneSimulator.ActiveCfg = Release|x86
		{46127F76-A43A-433E-8F94-EB1B883C64CB}.Ad-Hoc|iPhoneSimulator.Build.0 = Release|x86
		{46127F76-A43A-433E-8F94-EB1B883C64CB}.Ad-Hoc|iPhoneSimulator.Deploy.0 = Release|x86
		{46127F76-A43A-433E-8F94-EB1B883C64CB}.Ad-Hoc|x64.ActiveCfg = Release|x64
		{46127F76-A43A-433E-8F94-EB1B883C64CB}.Ad-Hoc|x64.Build.0 = Release|x64
		{46127F76-A43A-433E-8F94-EB1B883C64CB}.Ad-Hoc|x64.Deploy.0 = Release|x64
		{46127F76-A43A-433E-8F94-EB1B883C64CB}.Ad-Hoc|x86.ActiveCfg = Release|x86
		{46127F76-A43A-433E-8F94-EB1B883C64CB}.Ad-Hoc|x86.Build.0 = Release|x86
		{46127F76-A43A-433E-8F94-EB1B883C64CB}.Ad-Hoc|x86.Deploy.0 = Release|x86
		{46127F76-A43A-433E-8F94-EB1B883C64CB}.AppStore|Any CPU.ActiveCfg = Release|x86
		{46127F76-A43A-433E-8F94-EB1B883C64CB}.AppStore|Any CPU.Build.0 = Release|x86
		{46127F76-A43A-433E-8F94-EB1B883C64CB}.AppStore|Any CPU.Deploy.0 = Release|x86
		{46127F76-A43A-433E-8F94-EB1B883C64CB}.AppStore|ARM.ActiveCfg = Release|ARM
		{46127F76-A43A-433E-8F94-EB1B883C64CB}.AppStore|ARM.Build.0 = Release|ARM
		{46127F76-A43A-433E-8F94-EB1B883C64CB}.AppStore|ARM.Deploy.0 = Release|ARM
		{46127F76-A43A-433E-8F94-EB1B883C64CB}.AppStore|iPhone.ActiveCfg = Release|x86
		{46127F76-A43A-433E-8F94-EB1B883C64CB}.AppStore|iPhone.Build.0 = Release|x86
		{46127F76-A43A-433E-8F94-EB1B883C64CB}.AppStore|iPhone.Deploy.0 = Release|x86
		{46127F76-A43A-433E-8F94-EB1B883C64CB}.AppStore|iPhoneSimulator.ActiveCfg = Release|x86
		{46127F76-A43A-433E-8F94-EB1B883C64CB}.AppStore|iPhoneSimulator.Build.0 = Release|x86
		{46127F76-A43A-433E-8F94-EB1B883C64CB}.AppStore|iPhoneSimulator.Deploy.0 = Release|x86
		{46127F76-A43A-433E-8F94-EB1B883C64CB}.AppStore|x64.ActiveCfg = Release|x64
		{46127F76-A43A-433E-8F94-EB1B883C64CB}.AppStore|x64.Build.0 = Release|x64
		{46127F76-A43A-433E-8F94-EB1B883C64CB}.AppStore|x64.Deploy.0 = Release|x64
		{46127F76-A43A-433E-8F94-EB1B883C64CB}.AppStore|x86.ActiveCfg = Release|x86
		{46127F76-A43A-433E-8F94-EB1B883C64CB}.AppStore|x86.Build.0 = Release|x86
		{46127F76-A43A-433E-8F94-EB1B883C64CB}.AppStore|x86.Deploy.0 = Release|x86
		{46127F76-A43A-433E-8F94-EB1B883C64CB}.Debug|Any CPU.ActiveCfg = Debug|x86
		{46127F76-A43A-433E-8F94-EB1B883C64CB}.Debug|ARM.ActiveCfg = Debug|ARM
		{46127F76-A43A-433E-8F94-EB1B883C64CB}.Debug|ARM.Build.0 = Debug|ARM
		{46127F76-A43A-433E-8F94-EB1B883C64CB}.Debug|ARM.Deploy.0 = Debug|ARM
		{46127F76-A43A-433E-8F94-EB1B883C64CB}.Debug|iPhone.ActiveCfg = Debug|x86
		{46127F76-A43A-433E-8F94-EB1B883C64CB}.Debug|iPhoneSimulator.ActiveCfg = Debug|x86
		{46127F76-A43A-433E-8F94-EB1B883C64CB}.Debug|x64.ActiveCfg = Debug|x64
		{46127F76-A43A-433E-8F94-EB1B883C64CB}.Debug|x64.Build.0 = Debug|x64
		{46127F76-A43A-433E-8F94-EB1B883C64CB}.Debug|x64.Deploy.0 = Debug|x64
		{46127F76-A43A-433E-8F94-EB1B883C64CB}.Debug|x86.ActiveCfg = Debug|x86
		{46127F76-A43A-433E-8F94-EB1B883C64CB}.Debug|x86.Build.0 = Debug|x86
		{46127F76-A43A-433E-8F94-EB1B883C64CB}.Debug|x86.Deploy.0 = Debug|x86
		{46127F76-A43A-433E-8F94-EB1B883C64CB}.Release|Any CPU.ActiveCfg = Release|x86
		{46127F76-A43A-433E-8F94-EB1B883C64CB}.Release|ARM.ActiveCfg = Release|ARM
		{46127F76-A43A-433E-8F94-EB1B883C64CB}.Release|ARM.Build.0 = Release|ARM
		{46127F76-A43A-433E-8F94-EB1B883C64CB}.Release|ARM.Deploy.0 = Release|ARM
		{46127F76-A43A-433E-8F94-EB1B883C64CB}.Release|iPhone.ActiveCfg = Release|x86
		{46127F76-A43A-433E-8F94-EB1B883C64CB}.Release|iPhoneSimulator.ActiveCfg = Release|x86
		{46127F76-A43A-433E-8F94-EB1B883C64CB}.Release|x64.ActiveCfg = Release|x64
		{46127F76-A43A-433E-8F94-EB1B883C64CB}.Release|x64.Build.0 = Release|x64
		{46127F76-A43A-433E-8F94-EB1B883C64CB}.Release|x64.Deploy.0 = Release|x64
		{46127F76-A43A-433E-8F94-EB1B883C64CB}.Release|x86.ActiveCfg = Release|x86
		{46127F76-A43A-433E-8F94-EB1B883C64CB}.Release|x86.Build.0 = Release|x86
		{46127F76-A43A-433E-8F94-EB1B883C64CB}.Release|x86.Deploy.0 = Release|x86
	EndGlobalSection
	GlobalSection(SolutionProperties) = preSolution
		HideSolutionNode = FALSE
	EndGlobalSection
	GlobalSection(ExtensibilityGlobals) = postSolution
		SolutionGuid = {222B2D5F-06EC-41C8-B0D8-7C62C5F636F8}
	EndGlobalSection
EndGlobal
